
Microsoft Visual Studio Solution File, Format Version 12.00
# Visual Studio 15
VisualStudioVersion = 15.0.26228.10
MinimumVisualStudioVersion = 10.0.40219.1
Project("{FAE04EC0-301F-11D3-BF4B-00C04F79EFBC}") = "AppveyorCsharp7", "AppveyorCsharp7\AppveyorCsharp7.csproj", "{3237530D-DF8D-459F-86E5-413B84C41EB9}"
EndProject
Project("{2150E333-8FDC-42A3-9474-1A3956D46DE8}") = "Solution Items", "Solution Items", "{4A360AD3-E9DD-4645-9861-31BF1E6FB09C}"
	ProjectSection(SolutionItems) = preProject
		appveyor.yml = appveyor.yml
	EndProjectSection
EndProject
Project("{FAE04EC0-301F-11D3-BF4B-00C04F79EFBC}") = "Csharp6Lib", "Csharp6Lib\Csharp6Lib.csproj", "{403ECAD2-94B7-49CB-AE32-9A84CE7ADF51}"
EndProject
Global
	GlobalSection(SolutionConfigurationPlatforms) = preSolution
		Debug|Any CPU = Debug|Any CPU
		Release|Any CPU = Release|Any CPU
	EndGlobalSection
	GlobalSection(ProjectConfigurationPlatforms) = postSolution
		{3237530D-DF8D-459F-86E5-413B84C41EB9}.Debug|Any CPU.ActiveCfg = Debug|Any CPU
		{3237530D-DF8D-459F-86E5-413B84C41EB9}.Debug|Any CPU.Build.0 = Debug|Any CPU
		{3237530D-DF8D-459F-86E5-413B84C41EB9}.Release|Any CPU.ActiveCfg = Release|Any CPU
		{3237530D-DF8D-459F-86E5-413B84C41EB9}.Release|Any CPU.Build.0 = Release|Any CPU
		{403ECAD2-94B7-49CB-AE32-9A84CE7ADF51}.Debug|Any CPU.ActiveCfg = Debug|Any CPU
		{403ECAD2-94B7-49CB-AE32-9A84CE7ADF51}.Debug|Any CPU.Build.0 = Debug|Any CPU
		{403ECAD2-94B7-49CB-AE32-9A84CE7ADF51}.Release|Any CPU.ActiveCfg = Release|Any CPU
		{403ECAD2-94B7-49CB-AE32-9A84CE7ADF51}.Release|Any CPU.Build.0 = Release|Any CPU
	EndGlobalSection
	GlobalSection(SolutionProperties) = preSolution
		HideSolutionNode = FALSE
	EndGlobalSection
EndGlobal
